// !$*UTF8*$!
{
	archiveVersion = 1;
	classes = {
	};
	objectVersion = 55;
	objects = {

/* Begin PBXBuildFile section */
		8447792327DAA219002E21B4 /* AppDelegate.swift in Sources */ = {isa = PBXBuildFile; fileRef = 8447792227DAA219002E21B4 /* AppDelegate.swift */; };
		8447792527DAA219002E21B4 /* SceneDelegate.swift in Sources */ = {isa = PBXBuildFile; fileRef = 8447792427DAA219002E21B4 /* SceneDelegate.swift */; };
		8447792A27DAA219002E21B4 /* Main.storyboard in Resources */ = {isa = PBXBuildFile; fileRef = 8447792827DAA219002E21B4 /* Main.storyboard */; };
		8447792C27DAA21A002E21B4 /* Assets.xcassets in Resources */ = {isa = PBXBuildFile; fileRef = 8447792B27DAA21A002E21B4 /* Assets.xcassets */; };
		8447792F27DAA21A002E21B4 /* LaunchScreen.storyboard in Resources */ = {isa = PBXBuildFile; fileRef = 8447792D27DAA21A002E21B4 /* LaunchScreen.storyboard */; };
		8447793A27DAA21A002E21B4 /* MarvelAppTests.swift in Sources */ = {isa = PBXBuildFile; fileRef = 8447793927DAA21A002E21B4 /* MarvelAppTests.swift */; };
		8447794427DAA21B002E21B4 /* MarvelAppUITests.swift in Sources */ = {isa = PBXBuildFile; fileRef = 8447794327DAA21B002E21B4 /* MarvelAppUITests.swift */; };
		8447794627DAA21B002E21B4 /* MarvelAppUITestsLaunchTests.swift in Sources */ = {isa = PBXBuildFile; fileRef = 8447794527DAA21B002E21B4 /* MarvelAppUITestsLaunchTests.swift */; };
		8447795E27DAA387002E21B4 /* Utils.swift in Sources */ = {isa = PBXBuildFile; fileRef = 8447795D27DAA387002E21B4 /* Utils.swift */; };
		8447796027DAA3D8002E21B4 /* ImageDownloader.swift in Sources */ = {isa = PBXBuildFile; fileRef = 8447795F27DAA3D8002E21B4 /* ImageDownloader.swift */; };
		8447796227DAA437002E21B4 /* MarvelPlist.plist in Resources */ = {isa = PBXBuildFile; fileRef = 8447796127DAA437002E21B4 /* MarvelPlist.plist */; };
		8447796427DAA4E2002E21B4 /* MarvelAPIService.swift in Sources */ = {isa = PBXBuildFile; fileRef = 8447796327DAA4E2002E21B4 /* MarvelAPIService.swift */; };
		8447796627DAA51D002E21B4 /* CharacterModel.swift in Sources */ = {isa = PBXBuildFile; fileRef = 8447796527DAA51D002E21B4 /* CharacterModel.swift */; };
		8447796827DAA54B002E21B4 /* CharacterViewModel.swift in Sources */ = {isa = PBXBuildFile; fileRef = 8447796727DAA54B002E21B4 /* CharacterViewModel.swift */; };
		8447796A27DAA58A002E21B4 /* CharacterViewController.swift in Sources */ = {isa = PBXBuildFile; fileRef = 8447796927DAA58A002E21B4 /* CharacterViewController.swift */; };
		8447796C27DAA5C0002E21B4 /* CharacterTableViewCell.swift in Sources */ = {isa = PBXBuildFile; fileRef = 8447796B27DAA5C0002E21B4 /* CharacterTableViewCell.swift */; };
		8447796E27DAA653002E21B4 /* CharacterDetailViewModel.swift in Sources */ = {isa = PBXBuildFile; fileRef = 8447796D27DAA653002E21B4 /* CharacterDetailViewModel.swift */; };
		8447797027DAA693002E21B4 /* CharacterDetailViewController.swift in Sources */ = {isa = PBXBuildFile; fileRef = 8447796F27DAA693002E21B4 /* CharacterDetailViewController.swift */; };
		8447797227DB36DF002E21B4 /* ComicsModel.swift in Sources */ = {isa = PBXBuildFile; fileRef = 8447797127DB36DF002E21B4 /* ComicsModel.swift */; };
		8447797427DB4CDF002E21B4 /* ComicsCollectionViewCell.swift in Sources */ = {isa = PBXBuildFile; fileRef = 8447797327DB4CDF002E21B4 /* ComicsCollectionViewCell.swift */; };
		8447797627DC4A77002E21B4 /* StoryboardUtils.swift in Sources */ = {isa = PBXBuildFile; fileRef = 8447797527DC4A77002E21B4 /* StoryboardUtils.swift */; };
/* End PBXBuildFile section */

/* Begin PBXContainerItemProxy section */
		8447793627DAA21A002E21B4 /* PBXContainerItemProxy */ = {
			isa = PBXContainerItemProxy;
			containerPortal = 8447791727DAA219002E21B4 /* Project object */;
			proxyType = 1;
			remoteGlobalIDString = 8447791E27DAA219002E21B4;
			remoteInfo = MarvelApp;
		};
		8447794027DAA21B002E21B4 /* PBXContainerItemProxy */ = {
			isa = PBXContainerItemProxy;
			containerPortal = 8447791727DAA219002E21B4 /* Project object */;
			proxyType = 1;
			remoteGlobalIDString = 8447791E27DAA219002E21B4;
			remoteInfo = MarvelApp;
		};
/* End PBXContainerItemProxy section */

/* Begin PBXFileReference section */
		8447791F27DAA219002E21B4 /* MarvelApp.app */ = {isa = PBXFileReference; explicitFileType = wrapper.application; includeInIndex = 0; path = MarvelApp.app; sourceTree = BUILT_PRODUCTS_DIR; };
		8447792227DAA219002E21B4 /* AppDelegate.swift */ = {isa = PBXFileReference; lastKnownFileType = sourcecode.swift; path = AppDelegate.swift; sourceTree = "<group>"; };
		8447792427DAA219002E21B4 /* SceneDelegate.swift */ = {isa = PBXFileReference; lastKnownFileType = sourcecode.swift; path = SceneDelegate.swift; sourceTree = "<group>"; };
		8447792927DAA219002E21B4 /* Base */ = {isa = PBXFileReference; lastKnownFileType = file.storyboard; name = Base; path = Base.lproj/Main.storyboard; sourceTree = "<group>"; };
		8447792B27DAA21A002E21B4 /* Assets.xcassets */ = {isa = PBXFileReference; lastKnownFileType = folder.assetcatalog; path = Assets.xcassets; sourceTree = "<group>"; };
		8447792E27DAA21A002E21B4 /* Base */ = {isa = PBXFileReference; lastKnownFileType = file.storyboard; name = Base; path = Base.lproj/LaunchScreen.storyboard; sourceTree = "<group>"; };
		8447793027DAA21A002E21B4 /* Info.plist */ = {isa = PBXFileReference; lastKnownFileType = text.plist.xml; path = Info.plist; sourceTree = "<group>"; };
		8447793527DAA21A002E21B4 /* MarvelAppTests.xctest */ = {isa = PBXFileReference; explicitFileType = wrapper.cfbundle; includeInIndex = 0; path = MarvelAppTests.xctest; sourceTree = BUILT_PRODUCTS_DIR; };
		8447793927DAA21A002E21B4 /* MarvelAppTests.swift */ = {isa = PBXFileReference; lastKnownFileType = sourcecode.swift; path = MarvelAppTests.swift; sourceTree = "<group>"; };
		8447793F27DAA21B002E21B4 /* MarvelAppUITests.xctest */ = {isa = PBXFileReference; explicitFileType = wrapper.cfbundle; includeInIndex = 0; path = MarvelAppUITests.xctest; sourceTree = BUILT_PRODUCTS_DIR; };
		8447794327DAA21B002E21B4 /* MarvelAppUITests.swift */ = {isa = PBXFileReference; lastKnownFileType = sourcecode.swift; path = MarvelAppUITests.swift; sourceTree = "<group>"; };
		8447794527DAA21B002E21B4 /* MarvelAppUITestsLaunchTests.swift */ = {isa = PBXFileReference; lastKnownFileType = sourcecode.swift; path = MarvelAppUITestsLaunchTests.swift; sourceTree = "<group>"; };
		8447795D27DAA387002E21B4 /* Utils.swift */ = {isa = PBXFileReference; lastKnownFileType = sourcecode.swift; path = Utils.swift; sourceTree = "<group>"; };
		8447795F27DAA3D8002E21B4 /* ImageDownloader.swift */ = {isa = PBXFileReference; lastKnownFileType = sourcecode.swift; path = ImageDownloader.swift; sourceTree = "<group>"; };
		8447796127DAA437002E21B4 /* MarvelPlist.plist */ = {isa = PBXFileReference; lastKnownFileType = text.plist.xml; path = MarvelPlist.plist; sourceTree = "<group>"; };
		8447796327DAA4E2002E21B4 /* MarvelAPIService.swift */ = {isa = PBXFileReference; lastKnownFileType = sourcecode.swift; path = MarvelAPIService.swift; sourceTree = "<group>"; };
		8447796527DAA51D002E21B4 /* CharacterModel.swift */ = {isa = PBXFileReference; lastKnownFileType = sourcecode.swift; path = CharacterModel.swift; sourceTree = "<group>"; };
		8447796727DAA54B002E21B4 /* CharacterViewModel.swift */ = {isa = PBXFileReference; lastKnownFileType = sourcecode.swift; path = CharacterViewModel.swift; sourceTree = "<group>"; };
		8447796927DAA58A002E21B4 /* CharacterViewController.swift */ = {isa = PBXFileReference; lastKnownFileType = sourcecode.swift; path = CharacterViewController.swift; sourceTree = "<group>"; };
		8447796B27DAA5C0002E21B4 /* CharacterTableViewCell.swift */ = {isa = PBXFileReference; lastKnownFileType = sourcecode.swift; path = CharacterTableViewCell.swift; sourceTree = "<group>"; };
		8447796D27DAA653002E21B4 /* CharacterDetailViewModel.swift */ = {isa = PBXFileReference; lastKnownFileType = sourcecode.swift; path = CharacterDetailViewModel.swift; sourceTree = "<group>"; };
		8447796F27DAA693002E21B4 /* CharacterDetailViewController.swift */ = {isa = PBXFileReference; lastKnownFileType = sourcecode.swift; path = CharacterDetailViewController.swift; sourceTree = "<group>"; };
		8447797127DB36DF002E21B4 /* ComicsModel.swift */ = {isa = PBXFileReference; lastKnownFileType = sourcecode.swift; path = ComicsModel.swift; sourceTree = "<group>"; };
		8447797327DB4CDF002E21B4 /* ComicsCollectionViewCell.swift */ = {isa = PBXFileReference; lastKnownFileType = sourcecode.swift; path = ComicsCollectionViewCell.swift; sourceTree = "<group>"; };
		8447797527DC4A77002E21B4 /* StoryboardUtils.swift */ = {isa = PBXFileReference; lastKnownFileType = sourcecode.swift; path = StoryboardUtils.swift; sourceTree = "<group>"; };
/* End PBXFileReference section */

/* Begin PBXFrameworksBuildPhase section */
		8447791C27DAA219002E21B4 /* Frameworks */ = {
			isa = PBXFrameworksBuildPhase;
			buildActionMask = 2147483647;
			files = (
			);
			runOnlyForDeploymentPostprocessing = 0;
		};
		8447793227DAA21A002E21B4 /* Frameworks */ = {
			isa = PBXFrameworksBuildPhase;
			buildActionMask = 2147483647;
			files = (
			);
			runOnlyForDeploymentPostprocessing = 0;
		};
		8447793C27DAA21B002E21B4 /* Frameworks */ = {
			isa = PBXFrameworksBuildPhase;
			buildActionMask = 2147483647;
			files = (
			);
			runOnlyForDeploymentPostprocessing = 0;
		};
/* End PBXFrameworksBuildPhase section */

/* Begin PBXGroup section */
		8447791627DAA219002E21B4 = {
			isa = PBXGroup;
			children = (
				8447792127DAA219002E21B4 /* MarvelApp */,
				8447793827DAA21A002E21B4 /* MarvelAppTests */,
				8447794227DAA21B002E21B4 /* MarvelAppUITests */,
				8447792027DAA219002E21B4 /* Products */,
			);
			sourceTree = "<group>";
		};
		8447792027DAA219002E21B4 /* Products */ = {
			isa = PBXGroup;
			children = (
				8447791F27DAA219002E21B4 /* MarvelApp.app */,
				8447793527DAA21A002E21B4 /* MarvelAppTests.xctest */,
				8447793F27DAA21B002E21B4 /* MarvelAppUITests.xctest */,
			);
			name = Products;
			sourceTree = "<group>";
		};
		8447792127DAA219002E21B4 /* MarvelApp */ = {
			isa = PBXGroup;
			children = (
				8447795427DAA2BF002E21B4 /* Modules */,
				8447795327DAA29E002E21B4 /* APIService */,
				8447795227DAA290002E21B4 /* Common */,
				8447792227DAA219002E21B4 /* AppDelegate.swift */,
				8447792427DAA219002E21B4 /* SceneDelegate.swift */,
				8447792827DAA219002E21B4 /* Main.storyboard */,
				8447792B27DAA21A002E21B4 /* Assets.xcassets */,
				8447792D27DAA21A002E21B4 /* LaunchScreen.storyboard */,
				8447793027DAA21A002E21B4 /* Info.plist */,
			);
			path = MarvelApp;
			sourceTree = "<group>";
		};
		8447793827DAA21A002E21B4 /* MarvelAppTests */ = {
			isa = PBXGroup;
			children = (
				8447793927DAA21A002E21B4 /* MarvelAppTests.swift */,
			);
			path = MarvelAppTests;
			sourceTree = "<group>";
		};
		8447794227DAA21B002E21B4 /* MarvelAppUITests */ = {
			isa = PBXGroup;
			children = (
				8447794327DAA21B002E21B4 /* MarvelAppUITests.swift */,
				8447794527DAA21B002E21B4 /* MarvelAppUITestsLaunchTests.swift */,
			);
			path = MarvelAppUITests;
			sourceTree = "<group>";
		};
		8447795227DAA290002E21B4 /* Common */ = {
			isa = PBXGroup;
			children = (
				8447795D27DAA387002E21B4 /* Utils.swift */,
				8447795F27DAA3D8002E21B4 /* ImageDownloader.swift */,
				8447796127DAA437002E21B4 /* MarvelPlist.plist */,
				8447797527DC4A77002E21B4 /* StoryboardUtils.swift */,
			);
			path = Common;
			sourceTree = "<group>";
		};
		8447795327DAA29E002E21B4 /* APIService */ = {
			isa = PBXGroup;
			children = (
				8447796327DAA4E2002E21B4 /* MarvelAPIService.swift */,
			);
			path = APIService;
			sourceTree = "<group>";
		};
		8447795427DAA2BF002E21B4 /* Modules */ = {
			isa = PBXGroup;
			children = (
				8447795627DAA2E7002E21B4 /* MarvelCharacterDetails */,
				8447795527DAA2CD002E21B4 /* MarvelCharacter */,
			);
			path = Modules;
			sourceTree = "<group>";
		};
		8447795527DAA2CD002E21B4 /* MarvelCharacter */ = {
			isa = PBXGroup;
			children = (
				8447795827DAA314002E21B4 /* ViewModel */,
				8447795927DAA32B002E21B4 /* Model */,
				8447795727DAA30C002E21B4 /* View */,
			);
			path = MarvelCharacter;
			sourceTree = "<group>";
		};
		8447795627DAA2E7002E21B4 /* MarvelCharacterDetails */ = {
			isa = PBXGroup;
			children = (
				8447795C27DAA34D002E21B4 /* Model */,
				8447795B27DAA342002E21B4 /* ViewModel */,
				8447795A27DAA336002E21B4 /* View */,
			);
			path = MarvelCharacterDetails;
			sourceTree = "<group>";
		};
		8447795727DAA30C002E21B4 /* View */ = {
			isa = PBXGroup;
			children = (
				8447796927DAA58A002E21B4 /* CharacterViewController.swift */,
				8447796B27DAA5C0002E21B4 /* CharacterTableViewCell.swift */,
			);
			path = View;
			sourceTree = "<group>";
		};
		8447795827DAA314002E21B4 /* ViewModel */ = {
			isa = PBXGroup;
			children = (
				8447796727DAA54B002E21B4 /* CharacterViewModel.swift */,
			);
			path = ViewModel;
			sourceTree = "<group>";
		};
		8447795927DAA32B002E21B4 /* Model */ = {
			isa = PBXGroup;
			children = (
				8447796527DAA51D002E21B4 /* CharacterModel.swift */,
			);
			path = Model;
			sourceTree = "<group>";
		};
		8447795A27DAA336002E21B4 /* View */ = {
			isa = PBXGroup;
			children = (
				8447796F27DAA693002E21B4 /* CharacterDetailViewController.swift */,
				8447797327DB4CDF002E21B4 /* ComicsCollectionViewCell.swift */,
			);
			path = View;
			sourceTree = "<group>";
		};
		8447795B27DAA342002E21B4 /* ViewModel */ = {
			isa = PBXGroup;
			children = (
				8447796D27DAA653002E21B4 /* CharacterDetailViewModel.swift */,
			);
			path = ViewModel;
			sourceTree = "<group>";
		};
		8447795C27DAA34D002E21B4 /* Model */ = {
			isa = PBXGroup;
			children = (
				8447797127DB36DF002E21B4 /* ComicsModel.swift */,
			);
			path = Model;
			sourceTree = "<group>";
		};
/* End PBXGroup section */

/* Begin PBXNativeTarget section */
		8447791E27DAA219002E21B4 /* MarvelApp */ = {
			isa = PBXNativeTarget;
			buildConfigurationList = 8447794927DAA21B002E21B4 /* Build configuration list for PBXNativeTarget "MarvelApp" */;
			buildPhases = (
				8447791B27DAA219002E21B4 /* Sources */,
				8447791C27DAA219002E21B4 /* Frameworks */,
				8447791D27DAA219002E21B4 /* Resources */,
			);
			buildRules = (
			);
			dependencies = (
			);
			name = MarvelApp;
			productName = MarvelApp;
			productReference = 8447791F27DAA219002E21B4 /* MarvelApp.app */;
			productType = "com.apple.product-type.application";
		};
		8447793427DAA21A002E21B4 /* MarvelAppTests */ = {
			isa = PBXNativeTarget;
			buildConfigurationList = 8447794C27DAA21B002E21B4 /* Build configuration list for PBXNativeTarget "MarvelAppTests" */;
			buildPhases = (
				8447793127DAA21A002E21B4 /* Sources */,
				8447793227DAA21A002E21B4 /* Frameworks */,
				8447793327DAA21A002E21B4 /* Resources */,
			);
			buildRules = (
			);
			dependencies = (
				8447793727DAA21A002E21B4 /* PBXTargetDependency */,
			);
			name = MarvelAppTests;
			productName = MarvelAppTests;
			productReference = 8447793527DAA21A002E21B4 /* MarvelAppTests.xctest */;
			productType = "com.apple.product-type.bundle.unit-test";
		};
		8447793E27DAA21B002E21B4 /* MarvelAppUITests */ = {
			isa = PBXNativeTarget;
			buildConfigurationList = 8447794F27DAA21B002E21B4 /* Build configuration list for PBXNativeTarget "MarvelAppUITests" */;
			buildPhases = (
				8447793B27DAA21B002E21B4 /* Sources */,
				8447793C27DAA21B002E21B4 /* Frameworks */,
				8447793D27DAA21B002E21B4 /* Resources */,
			);
			buildRules = (
			);
			dependencies = (
				8447794127DAA21B002E21B4 /* PBXTargetDependency */,
			);
			name = MarvelAppUITests;
			productName = MarvelAppUITests;
			productReference = 8447793F27DAA21B002E21B4 /* MarvelAppUITests.xctest */;
			productType = "com.apple.product-type.bundle.ui-testing";
		};
/* End PBXNativeTarget section */

/* Begin PBXProject section */
		8447791727DAA219002E21B4 /* Project object */ = {
			isa = PBXProject;
			attributes = {
				BuildIndependentTargetsInParallel = 1;
				LastSwiftUpdateCheck = 1320;
				LastUpgradeCheck = 1320;
				TargetAttributes = {
					8447791E27DAA219002E21B4 = {
						CreatedOnToolsVersion = 13.2.1;
					};
					8447793427DAA21A002E21B4 = {
						CreatedOnToolsVersion = 13.2.1;
						TestTargetID = 8447791E27DAA219002E21B4;
					};
					8447793E27DAA21B002E21B4 = {
						CreatedOnToolsVersion = 13.2.1;
						TestTargetID = 8447791E27DAA219002E21B4;
					};
				};
			};
			buildConfigurationList = 8447791A27DAA219002E21B4 /* Build configuration list for PBXProject "MarvelApp" */;
			compatibilityVersion = "Xcode 13.0";
			developmentRegion = en;
			hasScannedForEncodings = 0;
			knownRegions = (
				en,
				Base,
			);
			mainGroup = 8447791627DAA219002E21B4;
			productRefGroup = 8447792027DAA219002E21B4 /* Products */;
			projectDirPath = "";
			projectRoot = "";
			targets = (
				8447791E27DAA219002E21B4 /* MarvelApp */,
				8447793427DAA21A002E21B4 /* MarvelAppTests */,
				8447793E27DAA21B002E21B4 /* MarvelAppUITests */,
			);
		};
/* End PBXProject section */

/* Begin PBXResourcesBuildPhase section */
		8447791D27DAA219002E21B4 /* Resources */ = {
			isa = PBXResourcesBuildPhase;
			buildActionMask = 2147483647;
			files = (
				8447792F27DAA21A002E21B4 /* LaunchScreen.storyboard in Resources */,
				8447792C27DAA21A002E21B4 /* Assets.xcassets in Resources */,
				8447796227DAA437002E21B4 /* MarvelPlist.plist in Resources */,
				8447792A27DAA219002E21B4 /* Main.storyboard in Resources */,
			);
			runOnlyForDeploymentPostprocessing = 0;
		};
		8447793327DAA21A002E21B4 /* Resources */ = {
			isa = PBXResourcesBuildPhase;
			buildActionMask = 2147483647;
			files = (
			);
			runOnlyForDeploymentPostprocessing = 0;
		};
		8447793D27DAA21B002E21B4 /* Resources */ = {
			isa = PBXResourcesBuildPhase;
			buildActionMask = 2147483647;
			files = (
			);
			runOnlyForDeploymentPostprocessing = 0;
		};
/* End PBXResourcesBuildPhase section */

/* Begin PBXSourcesBuildPhase section */
		8447791B27DAA219002E21B4 /* Sources */ = {
			isa = PBXSourcesBuildPhase;
			buildActionMask = 2147483647;
			files = (
				8447797027DAA693002E21B4 /* CharacterDetailViewController.swift in Sources */,
				8447796427DAA4E2002E21B4 /* MarvelAPIService.swift in Sources */,
				8447796827DAA54B002E21B4 /* CharacterViewModel.swift in Sources */,
				8447797227DB36DF002E21B4 /* ComicsModel.swift in Sources */,
				8447797427DB4CDF002E21B4 /* ComicsCollectionViewCell.swift in Sources */,
				8447796C27DAA5C0002E21B4 /* CharacterTableViewCell.swift in Sources */,
				8447797627DC4A77002E21B4 /* StoryboardUtils.swift in Sources */,
				8447792327DAA219002E21B4 /* AppDelegate.swift in Sources */,
				8447792527DAA219002E21B4 /* SceneDelegate.swift in Sources */,
				8447796A27DAA58A002E21B4 /* CharacterViewController.swift in Sources */,
				8447796627DAA51D002E21B4 /* CharacterModel.swift in Sources */,
				8447796E27DAA653002E21B4 /* CharacterDetailViewModel.swift in Sources */,
				8447796027DAA3D8002E21B4 /* ImageDownloader.swift in Sources */,
				8447795E27DAA387002E21B4 /* Utils.swift in Sources */,
			);
			runOnlyForDeploymentPostprocessing = 0;
		};
		8447793127DAA21A002E21B4 /* Sources */ = {
			isa = PBXSourcesBuildPhase;
			buildActionMask = 2147483647;
			files = (
				8447793A27DAA21A002E21B4 /* MarvelAppTests.swift in Sources */,
			);
			runOnlyForDeploymentPostprocessing = 0;
		};
		8447793B27DAA21B002E21B4 /* Sources */ = {
			isa = PBXSourcesBuildPhase;
			buildActionMask = 2147483647;
			files = (
				8447794427DAA21B002E21B4 /* MarvelAppUITests.swift in Sources */,
				8447794627DAA21B002E21B4 /* MarvelAppUITestsLaunchTests.swift in Sources */,
			);
			runOnlyForDeploymentPostprocessing = 0;
		};
/* End PBXSourcesBuildPhase section */

/* Begin PBXTargetDependency section */
		8447793727DAA21A002E21B4 /* PBXTargetDependency */ = {
			isa = PBXTargetDependency;
			target = 8447791E27DAA219002E21B4 /* MarvelApp */;
			targetProxy = 8447793627DAA21A002E21B4 /* PBXContainerItemProxy */;
		};
		8447794127DAA21B002E21B4 /* PBXTargetDependency */ = {
			isa = PBXTargetDependency;
			target = 8447791E27DAA219002E21B4 /* MarvelApp */;
			targetProxy = 8447794027DAA21B002E21B4 /* PBXContainerItemProxy */;
		};
/* End PBXTargetDependency section */

/* Begin PBXVariantGroup section */
		8447792827DAA219002E21B4 /* Main.storyboard */ = {
			isa = PBXVariantGroup;
			children = (
				8447792927DAA219002E21B4 /* Base */,
			);
			name = Main.storyboard;
			sourceTree = "<group>";
		};
		8447792D27DAA21A002E21B4 /* LaunchScreen.storyboard */ = {
			isa = PBXVariantGroup;
			children = (
				8447792E27DAA21A002E21B4 /* Base */,
			);
			name = LaunchScreen.storyboard;
			sourceTree = "<group>";
		};
/* End PBXVariantGroup section */

/* Begin XCBuildConfiguration section */
		8447794727DAA21B002E21B4 /* Debug */ = {
			isa = XCBuildConfiguration;
			buildSettings = {
				ALWAYS_SEARCH_USER_PATHS = NO;
				CLANG_ANALYZER_NONNULL = YES;
				CLANG_ANALYZER_NUMBER_OBJECT_CONVERSION = YES_AGGRESSIVE;
				CLANG_CXX_LANGUAGE_STANDARD = "gnu++17";
				CLANG_CXX_LIBRARY = "libc++";
				CLANG_ENABLE_MODULES = YES;
				CLANG_ENABLE_OBJC_ARC = YES;
				CLANG_ENABLE_OBJC_WEAK = YES;
				CLANG_WARN_BLOCK_CAPTURE_AUTORELEASING = YES;
				CLANG_WARN_BOOL_CONVERSION = YES;
				CLANG_WARN_COMMA = YES;
				CLANG_WARN_CONSTANT_CONVERSION = YES;
				CLANG_WARN_DEPRECATED_OBJC_IMPLEMENTATIONS = YES;
				CLANG_WARN_DIRECT_OBJC_ISA_USAGE = YES_ERROR;
				CLANG_WARN_DOCUMENTATION_COMMENTS = YES;
				CLANG_WARN_EMPTY_BODY = YES;
				CLANG_WARN_ENUM_CONVERSION = YES;
				CLANG_WARN_INFINITE_RECURSION = YES;
				CLANG_WARN_INT_CONVERSION = YES;
				CLANG_WARN_NON_LITERAL_NULL_CONVERSION = YES;
				CLANG_WARN_OBJC_IMPLICIT_RETAIN_SELF = YES;
				CLANG_WARN_OBJC_LITERAL_CONVERSION = YES;
				CLANG_WARN_OBJC_ROOT_CLASS = YES_ERROR;
				CLANG_WARN_QUOTED_INCLUDE_IN_FRAMEWORK_HEADER = YES;
				CLANG_WARN_RANGE_LOOP_ANALYSIS = YES;
				CLANG_WARN_STRICT_PROTOTYPES = YES;
				CLANG_WARN_SUSPICIOUS_MOVE = YES;
				CLANG_WARN_UNGUARDED_AVAILABILITY = YES_AGGRESSIVE;
				CLANG_WARN_UNREACHABLE_CODE = YES;
				CLANG_WARN__DUPLICATE_METHOD_MATCH = YES;
				COPY_PHASE_STRIP = NO;
				DEBUG_INFORMATION_FORMAT = dwarf;
				ENABLE_STRICT_OBJC_MSGSEND = YES;
				ENABLE_TESTABILITY = YES;
				GCC_C_LANGUAGE_STANDARD = gnu11;
				GCC_DYNAMIC_NO_PIC = NO;
				GCC_NO_COMMON_BLOCKS = YES;
				GCC_OPTIMIZATION_LEVEL = 0;
				GCC_PREPROCESSOR_DEFINITIONS = (
					"DEBUG=1",
					"$(inherited)",
				);
				GCC_WARN_64_TO_32_BIT_CONVERSION = YES;
				GCC_WARN_ABOUT_RETURN_TYPE = YES_ERROR;
				GCC_WARN_UNDECLARED_SELECTOR = YES;
				GCC_WARN_UNINITIALIZED_AUTOS = YES_AGGRESSIVE;
				GCC_WARN_UNUSED_FUNCTION = YES;
				GCC_WARN_UNUSED_VARIABLE = YES;
				IPHONEOS_DEPLOYMENT_TARGET = 15.2;
				MTL_ENABLE_DEBUG_INFO = INCLUDE_SOURCE;
				MTL_FAST_MATH = YES;
				ONLY_ACTIVE_ARCH = YES;
				SDKROOT = iphoneos;
				SWIFT_ACTIVE_COMPILATION_CONDITIONS = DEBUG;
				SWIFT_OPTIMIZATION_LEVEL = "-Onone";
			};
			name = Debug;
		};
		8447794827DAA21B002E21B4 /* Release */ = {
			isa = XCBuildConfiguration;
			buildSettings = {
				ALWAYS_SEARCH_USER_PATHS = NO;
				CLANG_ANALYZER_NONNULL = YES;
				CLANG_ANALYZER_NUMBER_OBJECT_CONVERSION = YES_AGGRESSIVE;
				CLANG_CXX_LANGUAGE_STANDARD = "gnu++17";
				CLANG_CXX_LIBRARY = "libc++";
				CLANG_ENABLE_MODULES = YES;
				CLANG_ENABLE_OBJC_ARC = YES;
				CLANG_ENABLE_OBJC_WEAK = YES;
				CLANG_WARN_BLOCK_CAPTURE_AUTORELEASING = YES;
				CLANG_WARN_BOOL_CONVERSION = YES;
				CLANG_WARN_COMMA = YES;
				CLANG_WARN_CONSTANT_CONVERSION = YES;
				CLANG_WARN_DEPRECATED_OBJC_IMPLEMENTATIONS = YES;
				CLANG_WARN_DIRECT_OBJC_ISA_USAGE = YES_ERROR;
				CLANG_WARN_DOCUMENTATION_COMMENTS = YES;
				CLANG_WARN_EMPTY_BODY = YES;
				CLANG_WARN_ENUM_CONVERSION = YES;
				CLANG_WARN_INFINITE_RECURSION = YES;
				CLANG_WARN_INT_CONVERSION = YES;
				CLANG_WARN_NON_LITERAL_NULL_CONVERSION = YES;
				CLANG_WARN_OBJC_IMPLICIT_RETAIN_SELF = YES;
				CLANG_WARN_OBJC_LITERAL_CONVERSION = YES;
				CLANG_WARN_OBJC_ROOT_CLASS = YES_ERROR;
				CLANG_WARN_QUOTED_INCLUDE_IN_FRAMEWORK_HEADER = YES;
				CLANG_WARN_RANGE_LOOP_ANALYSIS = YES;
				CLANG_WARN_STRICT_PROTOTYPES = YES;
				CLANG_WARN_SUSPICIOUS_MOVE = YES;
				CLANG_WARN_UNGUARDED_AVAILABILITY = YES_AGGRESSIVE;
				CLANG_WARN_UNREACHABLE_CODE = YES;
				CLANG_WARN__DUPLICATE_METHOD_MATCH = YES;
				COPY_PHASE_STRIP = NO;
				DEBUG_INFORMATION_FORMAT = "dwarf-with-dsym";
				ENABLE_NS_ASSERTIONS = NO;
				ENABLE_STRICT_OBJC_MSGSEND = YES;
				GCC_C_LANGUAGE_STANDARD = gnu11;
				GCC_NO_COMMON_BLOCKS = YES;
				GCC_WARN_64_TO_32_BIT_CONVERSION = YES;
				GCC_WARN_ABOUT_RETURN_TYPE = YES_ERROR;
				GCC_WARN_UNDECLARED_SELECTOR = YES;
				GCC_WARN_UNINITIALIZED_AUTOS = YES_AGGRESSIVE;
				GCC_WARN_UNUSED_FUNCTION = YES;
				GCC_WARN_UNUSED_VARIABLE = YES;
				IPHONEOS_DEPLOYMENT_TARGET = 15.2;
				MTL_ENABLE_DEBUG_INFO = NO;
				MTL_FAST_MATH = YES;
				SDKROOT = iphoneos;
				SWIFT_COMPILATION_MODE = wholemodule;
				SWIFT_OPTIMIZATION_LEVEL = "-O";
				VALIDATE_PRODUCT = YES;
			};
			name = Release;
		};
		8447794A27DAA21B002E21B4 /* Debug */ = {
			isa = XCBuildConfiguration;
			buildSettings = {
				ASSETCATALOG_COMPILER_APPICON_NAME = AppIcon;
				ASSETCATALOG_COMPILER_GLOBAL_ACCENT_COLOR_NAME = AccentColor;
				CODE_SIGN_STYLE = Automatic;
				CURRENT_PROJECT_VERSION = 1;
				GENERATE_INFOPLIST_FILE = YES;
				INFOPLIST_FILE = MarvelApp/Info.plist;
				INFOPLIST_KEY_UIApplicationSupportsIndirectInputEvents = YES;
				INFOPLIST_KEY_UILaunchStoryboardName = LaunchScreen;
				INFOPLIST_KEY_UIMainStoryboardFile = Main;
				INFOPLIST_KEY_UISupportedInterfaceOrientations_iPad = "UIInterfaceOrientationPortrait UIInterfaceOrientationPortraitUpsideDown UIInterfaceOrientationLandscapeLeft UIInterfaceOrientationLandscapeRight";
				INFOPLIST_KEY_UISupportedInterfaceOrientations_iPhone = "UIInterfaceOrientationPortrait UIInterfaceOrientationLandscapeLeft UIInterfaceOrientationLandscapeRight";
				LD_RUNPATH_SEARCH_PATHS = (
					"$(inherited)",
					"@executable_path/Frameworks",
				);
				MARKETING_VERSION = 1.0;
				PRODUCT_BUNDLE_IDENTIFIER = com.Capgemini.MarvelApp;
				PRODUCT_NAME = "$(TARGET_NAME)";
				SWIFT_EMIT_LOC_STRINGS = YES;
				SWIFT_VERSION = 5.0;
				TARGETED_DEVICE_FAMILY = "1,2";
			};
			name = Debug;
		};
		8447794B27DAA21B002E21B4 /* Release */ = {
			isa = XCBuildConfiguration;
			buildSettings = {
				ASSETCATALOG_COMPILER_APPICON_NAME = AppIcon;
				ASSETCATALOG_COMPILER_GLOBAL_ACCENT_COLOR_NAME = AccentColor;
				CODE_SIGN_STYLE = Automatic;
				CURRENT_PROJECT_VERSION = 1;
				GENERATE_INFOPLIST_FILE = YES;
				INFOPLIST_FILE = MarvelApp/Info.plist;
				INFOPLIST_KEY_UIApplicationSupportsIndirectInputEvents = YES;
				INFOPLIST_KEY_UILaunchStoryboardName = LaunchScreen;
				INFOPLIST_KEY_UIMainStoryboardFile = Main;
				INFOPLIST_KEY_UISupportedInterfaceOrientations_iPad = "UIInterfaceOrientationPortrait UIInterfaceOrientationPortraitUpsideDown UIInterfaceOrientationLandscapeLeft UIInterfaceOrientationLandscapeRight";
				INFOPLIST_KEY_UISupportedInterfaceOrientations_iPhone = "UIInterfaceOrientationPortrait UIInterfaceOrientationLandscapeLeft UIInterfaceOrientationLandscapeRight";
				LD_RUNPATH_SEARCH_PATHS = (
					"$(inherited)",
					"@executable_path/Frameworks",
				);
				MARKETING_VERSION = 1.0;
				PRODUCT_BUNDLE_IDENTIFIER = com.Capgemini.MarvelApp;
				PRODUCT_NAME = "$(TARGET_NAME)";
				SWIFT_EMIT_LOC_STRINGS = YES;
				SWIFT_VERSION = 5.0;
				TARGETED_DEVICE_FAMILY = "1,2";
			};
			name = Release;
		};
		8447794D27DAA21B002E21B4 /* Debug */ = {
			isa = XCBuildConfiguration;
			buildSettings = {
				ALWAYS_EMBED_SWIFT_STANDARD_LIBRARIES = YES;
				BUNDLE_LOADER = "$(TEST_HOST)";
				CODE_SIGN_STYLE = Automatic;
				CURRENT_PROJECT_VERSION = 1;
				GENERATE_INFOPLIST_FILE = YES;
				IPHONEOS_DEPLOYMENT_TARGET = 15.2;
				MARKETING_VERSION = 1.0;
				PRODUCT_BUNDLE_IDENTIFIER = com.Capgemini.MarvelAppTests;
				PRODUCT_NAME = "$(TARGET_NAME)";
				SWIFT_EMIT_LOC_STRINGS = NO;
				SWIFT_VERSION = 5.0;
				TARGETED_DEVICE_FAMILY = "1,2";
				TEST_HOST = "$(BUILT_PRODUCTS_DIR)/MarvelApp.app/MarvelApp";
			};
			name = Debug;
		};
		8447794E27DAA21B002E21B4 /* Release */ = {
			isa = XCBuildConfiguration;
			buildSettings = {
				ALWAYS_EMBED_SWIFT_STANDARD_LIBRARIES = YES;
				BUNDLE_LOADER = "$(TEST_HOST)";
				CODE_SIGN_STYLE = Automatic;
				CURRENT_PROJECT_VERSION = 1;
				GENERATE_INFOPLIST_FILE = YES;
				IPHONEOS_DEPLOYMENT_TARGET = 15.2;
				MARKETING_VERSION = 1.0;
				PRODUCT_BUNDLE_IDENTIFIER = com.Capgemini.MarvelAppTests;
				PRODUCT_NAME = "$(TARGET_NAME)";
				SWIFT_EMIT_LOC_STRINGS = NO;
				SWIFT_VERSION = 5.0;
				TARGETED_DEVICE_FAMILY = "1,2";
				TEST_HOST = "$(BUILT_PRODUCTS_DIR)/MarvelApp.app/MarvelApp";
			};
			name = Release;
		};
		8447795027DAA21B002E21B4 /* Debug */ = {
			isa = XCBuildConfiguration;
			buildSettings = {
				ALWAYS_EMBED_SWIFT_STANDARD_LIBRARIES = YES;
				CODE_SIGN_STYLE = Automatic;
				CURRENT_PROJECT_VERSION = 1;
				GENERATE_INFOPLIST_FILE = YES;
				MARKETING_VERSION = 1.0;
				PRODUCT_BUNDLE_IDENTIFIER = com.Capgemini.MarvelAppUITests;
				PRODUCT_NAME = "$(TARGET_NAME)";
				SWIFT_EMIT_LOC_STRINGS = NO;
				SWIFT_VERSION = 5.0;
				TARGETED_DEVICE_FAMILY = "1,2";
				TEST_TARGET_NAME = MarvelApp;
			};
			name = Debug;
		};
		8447795127DAA21B002E21B4 /* Release */ = {
			isa = XCBuildConfiguration;
			buildSettings = {
				ALWAYS_EMBED_SWIFT_STANDARD_LIBRARIES = YES;
				CODE_SIGN_STYLE = Automatic;
				CURRENT_PROJECT_VERSION = 1;
				GENERATE_INFOPLIST_FILE = YES;
				MARKETING_VERSION = 1.0;
				PRODUCT_BUNDLE_IDENTIFIER = com.Capgemini.MarvelAppUITests;
				PRODUCT_NAME = "$(TARGET_NAME)";
				SWIFT_EMIT_LOC_STRINGS = NO;
				SWIFT_VERSION = 5.0;
				TARGETED_DEVICE_FAMILY = "1,2";
				TEST_TARGET_NAME = MarvelApp;
			};
			name = Release;
		};
/* End XCBuildConfiguration section */

/* Begin XCConfigurationList section */
		8447791A27DAA219002E21B4 /* Build configuration list for PBXProject "MarvelApp" */ = {
			isa = XCConfigurationList;
			buildConfigurations = (
				8447794727DAA21B002E21B4 /* Debug */,
				8447794827DAA21B002E21B4 /* Release */,
			);
			defaultConfigurationIsVisible = 0;
			defaultConfigurationName = Release;
		};
		8447794927DAA21B002E21B4 /* Build configuration list for PBXNativeTarget "MarvelApp" */ = {
			isa = XCConfigurationList;
			buildConfigurations = (
				8447794A27DAA21B002E21B4 /* Debug */,
				8447794B27DAA21B002E21B4 /* Release */,
			);
			defaultConfigurationIsVisible = 0;
			defaultConfigurationName = Release;
		};
		8447794C27DAA21B002E21B4 /* Build configuration list for PBXNativeTarget "MarvelAppTests" */ = {
			isa = XCConfigurationList;
			buildConfigurations = (
				8447794D27DAA21B002E21B4 /* Debug */,
				8447794E27DAA21B002E21B4 /* Release */,
			);
			defaultConfigurationIsVisible = 0;
			defaultConfigurationName = Release;
		};
		8447794F27DAA21B002E21B4 /* Build configuration list for PBXNativeTarget "MarvelAppUITests" */ = {
			isa = XCConfigurationList;
			buildConfigurations = (
				8447795027DAA21B002E21B4 /* Debug */,
				8447795127DAA21B002E21B4 /* Release */,
			);
			defaultConfigurationIsVisible = 0;
			defaultConfigurationName = Release;
		};
/* End XCConfigurationList section */
	};
	rootObject = 8447791727DAA219002E21B4 /* Project object */;
}
